
Microsoft Visual Studio Solution File, Format Version 12.00
# Visual Studio Version 17
VisualStudioVersion = 17.7.34024.191
MinimumVisualStudioVersion = 10.0.40219.1
Project("{FAE04EC0-301F-11D3-BF4B-00C04F79EFBC}") = "encryptFile", "encryptFile\encryptFile.csproj", "{B27C3934-E9E2-49A9-B1E7-7FD363BAB46D}"
EndProject
Global
	GlobalSection(SolutionConfigurationPlatforms) = preSolution
		Debug|Any CPU = Debug|Any CPU
		Release|Any CPU = Release|Any CPU
	EndGlobalSection
	GlobalSection(ProjectConfigurationPlatforms) = postSolution
		{B27C3934-E9E2-49A9-B1E7-7FD363BAB46D}.Debug|Any CPU.ActiveCfg = Debug|Any CPU
		{B27C3934-E9E2-49A9-B1E7-7FD363BAB46D}.Debug|Any CPU.Build.0 = Debug|Any CPU
		{B27C3934-E9E2-49A9-B1E7-7FD363BAB46D}.Release|Any CPU.ActiveCfg = Release|Any CPU
		{B27C3934-E9E2-49A9-B1E7-7FD363BAB46D}.Release|Any CPU.Build.0 = Release|Any CPU
	EndGlobalSection
	GlobalSection(SolutionProperties) = preSolution
		HideSolutionNode = FALSE
	EndGlobalSection
	GlobalSection(ExtensibilityGlobals) = postSolution
		SolutionGuid = {514FE103-943D-4654-8A14-85F832616DA4}
	EndGlobalSection
EndGlobal
